
Microsoft Visual Studio Solution File, Format Version 12.00
# Visual Studio Version 17
VisualStudioVersion = 17.14.36811.4 d17.14
MinimumVisualStudioVersion = 10.0.40219.1
Project("{888888A0-9F3D-457C-B088-3A5042F75D52}") = "Practica_python", "Practica_python\Practica_python.pyproj", "{0715C5D1-427A-4F8B-B9E5-58A4139BD97B}"
EndProject
Global
	GlobalSection(SolutionConfigurationPlatforms) = preSolution
		Debug|Any CPU = Debug|Any CPU
		Release|Any CPU = Release|Any CPU
	EndGlobalSection
	GlobalSection(ProjectConfigurationPlatforms) = postSolution
		{0715C5D1-427A-4F8B-B9E5-58A4139BD97B}.Debug|Any CPU.ActiveCfg = Debug|Any CPU
		{0715C5D1-427A-4F8B-B9E5-58A4139BD97B}.Release|Any CPU.ActiveCfg = Release|Any CPU
	EndGlobalSection
	GlobalSection(SolutionProperties) = preSolution
		HideSolutionNode = FALSE
	EndGlobalSection
	GlobalSection(ExtensibilityGlobals) = postSolution
		SolutionGuid = {C8A10B68-5863-4C88-B896-4E53ABC7563E}
	EndGlobalSection
EndGlobal
